
Microsoft Visual Studio Solution File, Format Version 12.00
# Visual Studio Version 16
VisualStudioVersion = 16.0.31005.135
MinimumVisualStudioVersion = 10.0.40219.1
Project("{FAE04EC0-301F-11D3-BF4B-00C04F79EFBC}") = "CodeLouisvilleWeek5Exercise", "CodeLouisvilleWeek5Exercise\CodeLouisvilleWeek5Exercise.csproj", "{2ED395B8-DE21-4CCB-B53D-E7931F9A973C}"
EndProject
Global
	GlobalSection(SolutionConfigurationPlatforms) = preSolution
		Debug|Any CPU = Debug|Any CPU
		Release|Any CPU = Release|Any CPU
	EndGlobalSection
	GlobalSection(ProjectConfigurationPlatforms) = postSolution
		{2ED395B8-DE21-4CCB-B53D-E7931F9A973C}.Debug|Any CPU.ActiveCfg = Debug|Any CPU
		{2ED395B8-DE21-4CCB-B53D-E7931F9A973C}.Debug|Any CPU.Build.0 = Debug|Any CPU
		{2ED395B8-DE21-4CCB-B53D-E7931F9A973C}.Release|Any CPU.ActiveCfg = Release|Any CPU
		{2ED395B8-DE21-4CCB-B53D-E7931F9A973C}.Release|Any CPU.Build.0 = Release|Any CPU
	EndGlobalSection
	GlobalSection(SolutionProperties) = preSolution
		HideSolutionNode = FALSE
	EndGlobalSection
	GlobalSection(ExtensibilityGlobals) = postSolution
		SolutionGuid = {8BE753FC-F921-4488-892E-10501296D33E}
	EndGlobalSection
EndGlobal
